
Microsoft Visual Studio Solution File, Format Version 12.00
# Visual Studio Version 18
VisualStudioVersion = 18.4.11612.150
MinimumVisualStudioVersion = 10.0.40219.1
Project("{FAE04EC0-301F-11D3-BF4B-00C04F79EFBC}") = "SP26InventoryManagement", "SP26InventoryManagement\SP26InventoryManagement.csproj", "{A80F41F9-55AE-4C3E-89AD-16B3BE326BEE}"
EndProject
Project("{FAE04EC0-301F-11D3-BF4B-00C04F79EFBC}") = "SP26InventoryManagement.Test", "SP26InventoryManagement.Test\SP26InventoryManagement.Test.csproj", "{94233234-0F95-42E6-B3D9-A39A73337D39}"
EndProject
Global
	GlobalSection(SolutionConfigurationPlatforms) = preSolution
		Debug|Any CPU = Debug|Any CPU
		Release|Any CPU = Release|Any CPU
	EndGlobalSection
	GlobalSection(ProjectConfigurationPlatforms) = postSolution
		{A80F41F9-55AE-4C3E-89AD-16B3BE326BEE}.Debug|Any CPU.ActiveCfg = Debug|Any CPU
		{A80F41F9-55AE-4C3E-89AD-16B3BE326BEE}.Debug|Any CPU.Build.0 = Debug|Any CPU
		{A80F41F9-55AE-4C3E-89AD-16B3BE326BEE}.Release|Any CPU.ActiveCfg = Release|Any CPU
		{A80F41F9-55AE-4C3E-89AD-16B3BE326BEE}.Release|Any CPU.Build.0 = Release|Any CPU
		{94233234-0F95-42E6-B3D9-A39A73337D39}.Debug|Any CPU.ActiveCfg = Debug|Any CPU
		{94233234-0F95-42E6-B3D9-A39A73337D39}.Debug|Any CPU.Build.0 = Debug|Any CPU
		{94233234-0F95-42E6-B3D9-A39A73337D39}.Release|Any CPU.ActiveCfg = Release|Any CPU
		{94233234-0F95-42E6-B3D9-A39A73337D39}.Release|Any CPU.Build.0 = Release|Any CPU
	EndGlobalSection
	GlobalSection(SolutionProperties) = preSolution
		HideSolutionNode = FALSE
	EndGlobalSection
	GlobalSection(ExtensibilityGlobals) = postSolution
		SolutionGuid = {D08D5CAE-1F0F-403B-BA9A-D2E0718CCCEC}
	EndGlobalSection
EndGlobal
